
Microsoft Visual Studio Solution File, Format Version 12.00
# Visual Studio 15
VisualStudioVersion = 15.0.28307.136
MinimumVisualStudioVersion = 10.0.40219.1
Project("{FAE04EC0-301F-11D3-BF4B-00C04F79EFBC}") = "App", "App\App.csproj", "{E1990149-D856-4995-86ED-CF1BA108FA11}"
EndProject
Global
	GlobalSection(SolutionConfigurationPlatforms) = preSolution
		Debug|Any CPU = Debug|Any CPU
		Release|Any CPU = Release|Any CPU
	EndGlobalSection
	GlobalSection(ProjectConfigurationPlatforms) = postSolution
		{E1990149-D856-4995-86ED-CF1BA108FA11}.Debug|Any CPU.ActiveCfg = Debug|Any CPU
		{E1990149-D856-4995-86ED-CF1BA108FA11}.Debug|Any CPU.Build.0 = Debug|Any CPU
		{E1990149-D856-4995-86ED-CF1BA108FA11}.Release|Any CPU.ActiveCfg = Release|Any CPU
		{E1990149-D856-4995-86ED-CF1BA108FA11}.Release|Any CPU.Build.0 = Release|Any CPU
	EndGlobalSection
	GlobalSection(SolutionProperties) = preSolution
		HideSolutionNode = FALSE
	EndGlobalSection
	GlobalSection(ExtensibilityGlobals) = postSolution
		SolutionGuid = {B8694DD2-537F-4067-9F73-A4559CC3788D}
	EndGlobalSection
EndGlobal
